{
  "name": "static",
  "version": "1.0.0",
  "lockfileVersion": 1,
  "requires": true,
  "dependencies": {
    "bootstrap": {
      "version": "5.3.2",
      "resolved": "https://registry.npmjs.org/bootstrap/-/bootstrap-5.3.2.tgz",
      "integrity": "sha512-D32nmNWiQHo94BKHLmOrdjlL05q1c8oxbtBphQFb9Z5to6eGRDCm0QgeaZ4zFBHzfg2++rqa2JkqCcxDy0sH0g=="
    },
    "material-icons": {
      "version": "1.13.12",
      "resolved": "https://registry.npmjs.org/material-icons/-/material-icons-1.13.12.tgz",
      "integrity": "sha512-/2YoaB79IjUK2B2JB+vIXXYGtBfHb/XG66LvoKVM5ykHW7yfrV5SP6d7KLX6iijY6/G9GqwgtPQ/sbhFnOURVA=="
    }
  }
}
